{
  "name": "Module8",
  "version": "1.0.0",
  "lockfileVersion": 1,
  "requires": true,
  "dependencies": {
    "@angular/animations": {
      "version": "8.2.9",
      "resolved": "https://registry.npmjs.org/@angular/animations/-/animations-8.2.9.tgz",
      "integrity": "sha512-l30AF0d9P5okTPM1wieUHgcnDyGSNvyaBcxXSOkT790wAP2v5zs7VrKq9Lm+ICu4Nkx07KrOr5XLUHhqsg3VXA==",
      "requires": {
        "tslib": "^1.9.0"
      }
    },
    "@angular/cdk": {
      "version": "8.2.2",
      "resolved": "https://registry.npmjs.org/@angular/cdk/-/cdk-8.2.2.tgz",
      "integrity": "sha512-e+BtFab0Vd1q/ZVu6l850Q4vvgyVYiugSX31oMRlp86fKHPowlAO7jL3z5JcAG7TybpLIqd7oqF8XQBR/yw83w==",
      "requires": {
        "parse5": "^5.0.0",
        "tslib": "^1.7.1"
      }
    },
    "@angular/material": {
      "version": "8.2.2",
      "resolved": "https://registry.npmjs.org/@angular/material/-/material-8.2.2.tgz",
      "integrity": "sha512-mR2ppE+Z1S5As2SUFK8wUH76Fj7YgrefhrwVGaeCLcAen//RHPw043+KL2apPAUaltdIFlGFtUuA6yJN6av0nQ==",
      "requires": {
        "tslib": "^1.7.1"
      }
    },
    "parse5": {
      "version": "5.1.0",
      "resolved": "https://registry.npmjs.org/parse5/-/parse5-5.1.0.tgz",
      "integrity": "sha512-fxNG2sQjHvlVAYmzBZS9YlDp6PTSSDwa98vkD4QgVDDCAo84z5X1t5XyJQ62ImdLXx5NdIIfihey6xpum9/gRQ==",
      "optional": true
    },
    "tslib": {
      "version": "1.10.0",
      "resolved": "https://registry.npmjs.org/tslib/-/tslib-1.10.0.tgz",
      "integrity": "sha512-qOebF53frne81cf0S9B41ByenJ3/IuH8yJKngAX35CmiZySA0khhkovshKK+jGCaMnVomla7gVlIcc3EvKPbTQ=="
    }
  }
}
